PODS:
  - VisionLab (0.1.0)

DEPENDENCIES:
  - VisionLab (from `https://github.com/cocoa-ai/VisionLab`)

EXTERNAL SOURCES:
  VisionLab:
    :git: https://github.com/cocoa-ai/VisionLab

CHECKOUT OPTIONS:
  VisionLab:
    :commit: 330e6baeb63246fe8e58b5c4601bac1a63a84ea4
    :git: https://github.com/cocoa-ai/VisionLab

SPEC CHECKSUMS:
  VisionLab: 5be1c3c327a521a510d3407792f1b3103f4f7d14

PODFILE CHECKSUM: 6f8d243cfc943d53bd1d1b02c4adc82cf650854e

COCOAPODS: 1.2.1
